
Microsoft Visual Studio Solution File, Format Version 12.00
# Visual Studio Version 17
VisualStudioVersion = 17.11.35327.3
MinimumVisualStudioVersion = 10.0.40219.1
Project("{FAE04EC0-301F-11D3-BF4B-00C04F79EFBC}") = "log4netdemo", "log4netdemo\log4netdemo.csproj", "{0332780B-0E74-45B6-9E05-778507653381}"
EndProject
Global
	GlobalSection(SolutionConfigurationPlatforms) = preSolution
		Debug|Any CPU = Debug|Any CPU
		Release|Any CPU = Release|Any CPU
	EndGlobalSection
	GlobalSection(ProjectConfigurationPlatforms) = postSolution
		{0332780B-0E74-45B6-9E05-778507653381}.Debug|Any CPU.ActiveCfg = Debug|Any CPU
		{0332780B-0E74-45B6-9E05-778507653381}.Debug|Any CPU.Build.0 = Debug|Any CPU
		{0332780B-0E74-45B6-9E05-778507653381}.Release|Any CPU.ActiveCfg = Release|Any CPU
		{0332780B-0E74-45B6-9E05-778507653381}.Release|Any CPU.Build.0 = Release|Any CPU
	EndGlobalSection
	GlobalSection(SolutionProperties) = preSolution
		HideSolutionNode = FALSE
	EndGlobalSection
	GlobalSection(ExtensibilityGlobals) = postSolution
		SolutionGuid = {A2F10276-A757-497A-AACC-4855312BF99E}
	EndGlobalSection
EndGlobal
